hash: bb7cbfea82c04af0532f64afcda7314b657506edad743f27ceed0a3d1778bdd8
updated: 2018-10-31T11:51:33.581626Z
imports:
- name: code.cloudfoundry.org/cli
  version: b5a8f74ffb4cbfcdba5555d6c4252fa4520855e0
  subpackages:
  - plugin
  - plugin/models
- name: github.com/cloudfoundry/cli
  version: b5a8f74ffb4cbfcdba5555d6c4252fa4520855e0
  subpackages:
  - plugin
  - plugin/models
  - plugin/pluginfakes
- name: github.com/onsi/ginkgo
  version: 2c2e9bb47b4e44067024f29339588cac8b34dd12
  subpackages:
  - config
  - internal/codelocation
  - internal/containernode
  - internal/failer
  - internal/leafnodes
  - internal/remote
  - internal/spec
  - internal/specrunner
  - internal/suite
  - internal/testingtproxy
  - internal/writer
  - reporters
  - reporters/stenographer
  - types
- name: github.com/onsi/gomega
  version: 7ce781ea776b2fd506491011353bded2e40c8467
  subpackages:
  - format
  - internal/assertion
  - internal/asyncassertion
  - internal/oraclematcher
  - internal/testingtsupport
  - matchers
  - matchers/support/goraph/bipartitegraph
  - matchers/support/goraph/edge
  - matchers/support/goraph/node
  - matchers/support/goraph/util
  - types
- name: gopkg.in/yaml.v2
  version: a83829b6f1293c91addabc89d0571c246397bbf4
testImports: []
